
Microsoft Visual Studio Solution File, Format Version 12.00
# Visual Studio Version 16
VisualStudioVersion = 16.0.29411.108
MinimumVisualStudioVersion = 10.0.40219.1
Project("{9A19103F-16F7-4668-BE54-9A1E7A4F7556}") = "MultiTenant", "src\MultiTenant\MultiTenant.csproj", "{74E45DA1-6A6D-4F78-BC9B-EEEC9858CEBC}"
EndProject
Project("{9A19103F-16F7-4668-BE54-9A1E7A4F7556}") = "ServerSideBlazor", "examples\ServerSideBlazor\ServerSideBlazor.csproj", "{21FC52A9-7A34-40FD-99D3-6ED36496D46A}"
EndProject
Global
	GlobalSection(SolutionConfigurationPlatforms) = preSolution
		Debug|Any CPU = Debug|Any CPU
		Release|Any CPU = Release|Any CPU
	EndGlobalSection
	GlobalSection(ProjectConfigurationPlatforms) = postSolution
		{74E45DA1-6A6D-4F78-BC9B-EEEC9858CEBC}.Debug|Any CPU.ActiveCfg = Debug|Any CPU
		{74E45DA1-6A6D-4F78-BC9B-EEEC9858CEBC}.Debug|Any CPU.Build.0 = Debug|Any CPU
		{74E45DA1-6A6D-4F78-BC9B-EEEC9858CEBC}.Release|Any CPU.ActiveCfg = Release|Any CPU
		{74E45DA1-6A6D-4F78-BC9B-EEEC9858CEBC}.Release|Any CPU.Build.0 = Release|Any CPU
		{21FC52A9-7A34-40FD-99D3-6ED36496D46A}.Debug|Any CPU.ActiveCfg = Debug|Any CPU
		{21FC52A9-7A34-40FD-99D3-6ED36496D46A}.Debug|Any CPU.Build.0 = Debug|Any CPU
		{21FC52A9-7A34-40FD-99D3-6ED36496D46A}.Release|Any CPU.ActiveCfg = Release|Any CPU
		{21FC52A9-7A34-40FD-99D3-6ED36496D46A}.Release|Any CPU.Build.0 = Release|Any CPU
	EndGlobalSection
	GlobalSection(SolutionProperties) = preSolution
		HideSolutionNode = FALSE
	EndGlobalSection
	GlobalSection(ExtensibilityGlobals) = postSolution
		SolutionGuid = {9B20E40A-2759-43FC-B69E-4A15CC503426}
	EndGlobalSection
EndGlobal
